<Solution>
  <Project Path="Recalled.Gameplay.csproj" />
  <Project Path="Recalled.Core.csproj" />
  <Project Path="Recalled.UI.csproj" />
  <Project Path="Recalled.Dialogue.csproj" />
  <Project Path="Assembly-CSharp-Editor.csproj" />
  <Project Path="Recalled.Dialogue.Tests.EditMode.csproj" />
</Solution>
