<Solution>
  <Project Path="Recalled.Gameplay.csproj" />
  <Project Path="Recalled.Core.csproj" />
  <Project Path="Recalled.UI.csproj" />
  <Project Path="Recalled.Systems.csproj" />
  <Project Path="Recalled.Systems.Tests.EditMode.csproj" />
  <Project Path="Assembly-CSharp-Editor.csproj" />
</Solution>
